github.com/fluhus/gostuff v0.4.0 h1:uFzP7Uw2QAUBybd6hh7c7gLhaYrVftZw0iQkorZnWXA=
github.com/fluhus/gostuff v0.4.0/go.mod h1:vR4cGqPneT1ztSCl8PM1yIqzPJpT54wckwPAxfMs3e0=
golang.org/x/text v0.15.0 h1:h1V/4gjBv8v9cjcR6+AR5+/cIYK5N/WAgiv4xlsEtAk=
golang.org/x/text v0.15.0/go.mod h1:18ZOQIKpY8NJVqYksKHtTdi31H5itFRjB5/qKTNYzSU=
